
Microsoft Visual Studio Solution File, Format Version 12.00
# Visual Studio 15
VisualStudioVersion = 15.0.27130.2027
MinimumVisualStudioVersion = 10.0.40219.1
Project("{9A19103F-16F7-4668-BE54-9A1E7A4F7556}") = "Unspotifier.Core", "Unspotifier.Core\Unspotifier.Core.csproj", "{664BB198-8671-45A4-8133-2936003A1074}"
EndProject
Project("{FAE04EC0-301F-11D3-BF4B-00C04F79EFBC}") = "Unspotifier.Cli.NetFramework", "Unspotifier.Cli.NetFramework\Unspotifier.Cli.NetFramework.csproj", "{DD435E0B-728A-4E0C-93B1-74C0D53321A1}"
EndProject
Project("{9A19103F-16F7-4668-BE54-9A1E7A4F7556}") = "Unspotifier.Cli.NetCore", "Unspotifier.Cli.NetCore\Unspotifier.Cli.NetCore.csproj", "{B9A60289-FE8F-4F13-898B-4AC1913AA3F9}"
EndProject
Global
	GlobalSection(SolutionConfigurationPlatforms) = preSolution
		Debug|Any CPU = Debug|Any CPU
		Release|Any CPU = Release|Any CPU
	EndGlobalSection
	GlobalSection(ProjectConfigurationPlatforms) = postSolution
		{664BB198-8671-45A4-8133-2936003A1074}.Debug|Any CPU.ActiveCfg = Debug|Any CPU
		{664BB198-8671-45A4-8133-2936003A1074}.Debug|Any CPU.Build.0 = Debug|Any CPU
		{664BB198-8671-45A4-8133-2936003A1074}.Release|Any CPU.ActiveCfg = Release|Any CPU
		{664BB198-8671-45A4-8133-2936003A1074}.Release|Any CPU.Build.0 = Release|Any CPU
		{DD435E0B-728A-4E0C-93B1-74C0D53321A1}.Debug|Any CPU.ActiveCfg = Debug|Any CPU
		{DD435E0B-728A-4E0C-93B1-74C0D53321A1}.Debug|Any CPU.Build.0 = Debug|Any CPU
		{DD435E0B-728A-4E0C-93B1-74C0D53321A1}.Release|Any CPU.ActiveCfg = Release|Any CPU
		{DD435E0B-728A-4E0C-93B1-74C0D53321A1}.Release|Any CPU.Build.0 = Release|Any CPU
		{B9A60289-FE8F-4F13-898B-4AC1913AA3F9}.Debug|Any CPU.ActiveCfg = Debug|Any CPU
		{B9A60289-FE8F-4F13-898B-4AC1913AA3F9}.Debug|Any CPU.Build.0 = Debug|Any CPU
		{B9A60289-FE8F-4F13-898B-4AC1913AA3F9}.Release|Any CPU.ActiveCfg = Release|Any CPU
		{B9A60289-FE8F-4F13-898B-4AC1913AA3F9}.Release|Any CPU.Build.0 = Release|Any CPU
	EndGlobalSection
	GlobalSection(SolutionProperties) = preSolution
		HideSolutionNode = FALSE
	EndGlobalSection
	GlobalSection(ExtensibilityGlobals) = postSolution
		SolutionGuid = {426C14F9-9400-448A-AF13-4C4CA6ED9DA9}
	EndGlobalSection
EndGlobal
